
Microsoft Visual Studio Solution File, Format Version 12.00
# Visual Studio 15
VisualStudioVersion = 15.0.28307.1145
MinimumVisualStudioVersion = 10.0.40219.1
Project("{FAE04EC0-301F-11D3-BF4B-00C04F79EFBC}") = "city-west-water-coding-test", "city-west-water-coding-test\city-west-water-coding-test.csproj", "{C14555E3-6F71-4466-9244-A8070B16ED3C}"
EndProject
Project("{FAE04EC0-301F-11D3-BF4B-00C04F79EFBC}") = "SchoolService.Tests", "SchoolService.Tests\SchoolService.Tests.csproj", "{2A5EB884-32E0-4535-9F1D-EFC6FEADF10B}"
EndProject
Global
	GlobalSection(SolutionConfigurationPlatforms) = preSolution
		Debug|Any CPU = Debug|Any CPU
		Release|Any CPU = Release|Any CPU
	EndGlobalSection
	GlobalSection(ProjectConfigurationPlatforms) = postSolution
		{C14555E3-6F71-4466-9244-A8070B16ED3C}.Debug|Any CPU.ActiveCfg = Debug|Any CPU
		{C14555E3-6F71-4466-9244-A8070B16ED3C}.Debug|Any CPU.Build.0 = Debug|Any CPU
		{C14555E3-6F71-4466-9244-A8070B16ED3C}.Release|Any CPU.ActiveCfg = Release|Any CPU
		{C14555E3-6F71-4466-9244-A8070B16ED3C}.Release|Any CPU.Build.0 = Release|Any CPU
		{2A5EB884-32E0-4535-9F1D-EFC6FEADF10B}.Debug|Any CPU.ActiveCfg = Debug|Any CPU
		{2A5EB884-32E0-4535-9F1D-EFC6FEADF10B}.Debug|Any CPU.Build.0 = Debug|Any CPU
		{2A5EB884-32E0-4535-9F1D-EFC6FEADF10B}.Release|Any CPU.ActiveCfg = Release|Any CPU
		{2A5EB884-32E0-4535-9F1D-EFC6FEADF10B}.Release|Any CPU.Build.0 = Release|Any CPU
	EndGlobalSection
	GlobalSection(SolutionProperties) = preSolution
		HideSolutionNode = FALSE
	EndGlobalSection
	GlobalSection(ExtensibilityGlobals) = postSolution
		SolutionGuid = {75E9C675-FB99-47B0-A209-F28076001F57}
	EndGlobalSection
EndGlobal
